
Microsoft Visual Studio Solution File, Format Version 12.00
# Visual Studio 2015
Project("{FAE04EC0-301F-11D3-BF4B-00C04F79EFBC}") = "dee_unicorns.CSharp", "dee_unicorns.CSharp.csproj", "{6FC81F65-B112-891C-7BEA-68823D3FB61B}"
EndProject
Global
	GlobalSection(SolutionConfigurationPlatforms) = preSolution
		Debug|Any CPU = Debug|Any CPU
		Release|Any CPU = Release|Any CPU
	EndGlobalSection
	GlobalSection(ProjectConfigurationPlatforms) = postSolution
		{6FC81F65-B112-891C-7BEA-68823D3FB61B}.Debug|Any CPU.ActiveCfg = Debug|Any CPU
		{6FC81F65-B112-891C-7BEA-68823D3FB61B}.Debug|Any CPU.Build.0 = Debug|Any CPU
		{6FC81F65-B112-891C-7BEA-68823D3FB61B}.Release|Any CPU.ActiveCfg = Release|Any CPU
		{6FC81F65-B112-891C-7BEA-68823D3FB61B}.Release|Any CPU.Build.0 = Release|Any CPU
	EndGlobalSection
	GlobalSection(SolutionProperties) = preSolution
		HideSolutionNode = FALSE
	EndGlobalSection
EndGlobal
